
Microsoft Visual Studio Solution File, Format Version 11.00
# Visual Studio 2010
Project("{FAE04EC0-301F-11D3-BF4B-00C04F79EFBC}") = "Assembly-CSharp", "Assembly-CSharp.csproj", "{11a0633a-5468-a691-0606-a7c5a2106a33}"
EndProject
Project("{FAE04EC0-301F-11D3-BF4B-00C04F79EFBC}") = "Assembly-CSharp-Editor", "Assembly-CSharp-Editor.csproj", "{d10964e4-3f1c-3ed3-288e-79ea613c3cd8}"
EndProject
Global
	GlobalSection(SolutionConfigurationPlatforms) = preSolution
		Debug|Any CPU = Debug|Any CPU
		Release|Any CPU = Release|Any CPU
	EndGlobalSection
	GlobalSection(ProjectConfigurationPlatforms) = postSolution
		{11a0633a-5468-a691-0606-a7c5a2106a33}.Debug|Any CPU.ActiveCfg = Debug|Any CPU
		{11a0633a-5468-a691-0606-a7c5a2106a33}.Debug|Any CPU.Build.0 = Debug|Any CPU
		{11a0633a-5468-a691-0606-a7c5a2106a33}.Release|Any CPU.ActiveCfg = Release|Any CPU
		{11a0633a-5468-a691-0606-a7c5a2106a33}.Release|Any CPU.Build.0 = Release|Any CPU
		{d10964e4-3f1c-3ed3-288e-79ea613c3cd8}.Debug|Any CPU.ActiveCfg = Debug|Any CPU
		{d10964e4-3f1c-3ed3-288e-79ea613c3cd8}.Debug|Any CPU.Build.0 = Debug|Any CPU
		{d10964e4-3f1c-3ed3-288e-79ea613c3cd8}.Release|Any CPU.ActiveCfg = Release|Any CPU
		{d10964e4-3f1c-3ed3-288e-79ea613c3cd8}.Release|Any CPU.Build.0 = Release|Any CPU
	EndGlobalSection
	GlobalSection(SolutionProperties) = preSolution
		HideSolutionNode = FALSE
	EndGlobalSection
EndGlobal
